<?xml version="1.0" encoding="utf-8"?>
<Project ToolsVersion="4.0" xmlns="http://schemas.microsoft.com/developer/msbuild/2003">
  <ItemGroup>
    <Filter Include="Source Files">
      <UniqueIdentifier>{4FC737F1-C7A5-4376-A066-2A32D752A2FF}</UniqueIdentifier>
      <Extensions>cpp;c;cc;cxx;c++;cppm;ixx;def;odl;idl;hpj;bat;asm;asmx</Extensions>
    </Filter>
    <Filter Include="Header Files">
      <UniqueIdentifier>{93995380-89BD-4b04-88EB-625FBE52EBFB}</UniqueIdentifier>
      <Extensions>h;hh;hpp;hxx;h++;hm;inl;inc;ipp;xsd</Extensions>
    </Filter>
    <Filter Include="Shaders">
      <UniqueIdentifier>{cb88524a-693a-42cf-ab0f-4145ec0fa055}</UniqueIdentifier>
    </Filter>
    <Filter Include="Models">
      <UniqueIdentifier>{ef82c945-b078-4d6d-b6ba-4becf1d269c7}</UniqueIdentifier>
    </Filter>
    <Filter Include="Header Files\Transformations">
      <UniqueIdentifier>{4254c9d3-9d54-4e97-85a7-5f35715e5538}</UniqueIdentifier>
    </Filter>
    <Filter Include="Source Files\Transformations">
      <UniqueIdentifier>{c995faa6-3ddf-4b9b-92a4-59286c138246}</UniqueIdentifier>
    </Filter>
  </ItemGroup>
  <ItemGroup>
    <None Include=".gitignore" />
    <None Include="README.md" />
    <None Include="shaders\basic.frag">
      <Filter>Shaders</Filter>
    </None>
    <None Include="shaders\basic.vert">
      <Filter>Shaders</Filter>
    </None>
    <None Include="shaders\blue.frag">
      <Filter>Shaders</Filter>
    </None>
    <None Include="shaders\red.frag">
      <Filter>Shaders</Filter>
    </None>
    <None Include="shaders\transform2D.vert">
      <Filter>Shaders</Filter>
    </None>
    <None Include="shaders\transform3D.vert">
      <Filter>Shaders</Filter>
    </None>
    <None Include="shaders\sun.frag">
      <Filter>Shaders</Filter>
    </None>
  </ItemGroup>
  <ItemGroup>
    <ClInclude Include="include\Application.h">
      <Filter>Header Files</Filter>
    </ClInclude>
    <ClInclude Include="include\Callbacks.h">
      <Filter>Header Files</Filter>
    </ClInclude>
    <ClInclude Include="include\DrawableObject.h">
      <Filter>Header Files</Filter>
    </ClInclude>
    <ClInclude Include="include\Model.h">
      <Filter>Header Files</Filter>
    </ClInclude>
    <ClInclude Include="include\Scene.h">
      <Filter>Header Files</Filter>
    </ClInclude>
    <ClInclude Include="include\Shader.h">
      <Filter>Header Files</Filter>
    </ClInclude>
    <ClInclude Include="include\ShaderProgram.h">
      <Filter>Header Files</Filter>
    </ClInclude>
    <ClInclude Include="models\bushes.h">
      <Filter>Models</Filter>
    </ClInclude>
    <ClInclude Include="models\gift.h">
      <Filter>Models</Filter>
    </ClInclude>
    <ClInclude Include="models\plain.h">
      <Filter>Models</Filter>
    </ClInclude>
    <ClInclude Include="models\sphere.h">
      <Filter>Models</Filter>
    </ClInclude>
    <ClInclude Include="models\suzi_flat.h">
      <Filter>Models</Filter>
    </ClInclude>
    <ClInclude Include="models\suzi_smooth.h">
      <Filter>Models</Filter>
    </ClInclude>
    <ClInclude Include="models\tree.h">
      <Filter>Models</Filter>
    </ClInclude>
    <ClInclude Include="models\openGL.h">
      <Filter>Models</Filter>
    </ClInclude>
    <ClInclude Include="models\CHO0289.h">
      <Filter>Models</Filter>
    </ClInclude>
    <ClInclude Include="models\earth.h">
      <Filter>Models</Filter>
    </ClInclude>
    <ClInclude Include="models\moon.h">
      <Filter>Models</Filter>
    </ClInclude>
    <ClInclude Include="models\sun.h">
      <Filter>Models</Filter>
    </ClInclude>
    <ClInclude Include="include\VertexFormat.h">
      <Filter>Header Files</Filter>
    </ClInclude>
    <ClInclude Include="include\transformations\CompositeTransformation.h">
      <Filter>Header Files\Transformations</Filter>
    </ClInclude>
    <ClInclude Include="include\transformations\DynamicTransformation.h">
      <Filter>Header Files\Transformations</Filter>
    </ClInclude>
    <ClInclude Include="include\transformations\StaticTransformation.h">
      <Filter>Header Files\Transformations</Filter>
    </ClInclude>
    <ClInclude Include="include\transformations\Transformation.h">
      <Filter>Header Files\Transformations</Filter>
    </ClInclude>
    <ClInclude Include="include\transformations\TransformationFactory.h">
      <Filter>Header Files\Transformations</Filter>
    </ClInclude>
  </ItemGroup>
  <ItemGroup>
    <ClCompile Include="src\Application.cpp">
      <Filter>Source Files</Filter>
    </ClCompile>
    <ClCompile Include="src\Callbacks.cpp">
      <Filter>Source Files</Filter>
    </ClCompile>
    <ClCompile Include="src\DrawableObject.cpp">
      <Filter>Source Files</Filter>
    </ClCompile>
    <ClCompile Include="src\main.cpp">
      <Filter>Source Files</Filter>
    </ClCompile>
    <ClCompile Include="src\Model.cpp">
      <Filter>Source Files</Filter>
    </ClCompile>
    <ClCompile Include="src\Scene.cpp">
      <Filter>Source Files</Filter>
    </ClCompile>
    <ClCompile Include="src\Shader.cpp">
      <Filter>Source Files</Filter>
    </ClCompile>
    <ClCompile Include="src\ShaderProgram.cpp">
      <Filter>Source Files</Filter>
    </ClCompile>
    <ClCompile Include="src\transformations\CompositeTransformation.cpp">
      <Filter>Source Files\Transformations</Filter>
    </ClCompile>
    <ClCompile Include="src\transformations\DynamicTransformation.cpp">
      <Filter>Source Files\Transformations</Filter>
    </ClCompile>
    <ClCompile Include="src\transformations\StaticTransformation.cpp">
      <Filter>Source Files\Transformations</Filter>
    </ClCompile>
    <ClCompile Include="src\transformations\TransformationFactory.cpp">
      <Filter>Source Files\Transformations</Filter>
    </ClCompile>
  </ItemGroup>
</Project>